
Microsoft Visual Studio Solution File, Format Version 12.00
# Visual Studio Version 17
VisualStudioVersion = 17.9.34622.214
MinimumVisualStudioVersion = 10.0.40219.1
Project("{FAE04EC0-301F-11D3-BF4B-00C04F79EFBC}") = "Apteka.WebApi", "Apteka.WebApi\Apteka.WebApi.csproj", "{87EE71FF-A7F0-4E12-B169-D255FF421505}"
EndProject
Project("{FAE04EC0-301F-11D3-BF4B-00C04F79EFBC}") = "DataAccesLayer", "DataAccesLayer\DataAccesLayer.csproj", "{1E13B5F5-9692-4EF7-B09B-C97AF7995171}"
EndProject
Project("{FAE04EC0-301F-11D3-BF4B-00C04F79EFBC}") = "BusinessLogicLayer", "BusinessLogicLayer\BusinessLogicLayer.csproj", "{1191122B-B879-4744-A8F4-F9F7FA0DA44B}"
EndProject
Project("{FAE04EC0-301F-11D3-BF4B-00C04F79EFBC}") = "Domian", "Domian\Domian.csproj", "{C238871D-0875-4312-987E-17B6015C521A}"
EndProject
Global
	GlobalSection(SolutionConfigurationPlatforms) = preSolution
		Debug|Any CPU = Debug|Any CPU
		Release|Any CPU = Release|Any CPU
	EndGlobalSection
	GlobalSection(ProjectConfigurationPlatforms) = postSolution
		{87EE71FF-A7F0-4E12-B169-D255FF421505}.Debug|Any CPU.ActiveCfg = Debug|Any CPU
		{87EE71FF-A7F0-4E12-B169-D255FF421505}.Debug|Any CPU.Build.0 = Debug|Any CPU
		{87EE71FF-A7F0-4E12-B169-D255FF421505}.Release|Any CPU.ActiveCfg = Release|Any CPU
		{87EE71FF-A7F0-4E12-B169-D255FF421505}.Release|Any CPU.Build.0 = Release|Any CPU
		{1E13B5F5-9692-4EF7-B09B-C97AF7995171}.Debug|Any CPU.ActiveCfg = Debug|Any CPU
		{1E13B5F5-9692-4EF7-B09B-C97AF7995171}.Debug|Any CPU.Build.0 = Debug|Any CPU
		{1E13B5F5-9692-4EF7-B09B-C97AF7995171}.Release|Any CPU.ActiveCfg = Release|Any CPU
		{1E13B5F5-9692-4EF7-B09B-C97AF7995171}.Release|Any CPU.Build.0 = Release|Any CPU
		{1191122B-B879-4744-A8F4-F9F7FA0DA44B}.Debug|Any CPU.ActiveCfg = Debug|Any CPU
		{1191122B-B879-4744-A8F4-F9F7FA0DA44B}.Debug|Any CPU.Build.0 = Debug|Any CPU
		{1191122B-B879-4744-A8F4-F9F7FA0DA44B}.Release|Any CPU.ActiveCfg = Release|Any CPU
		{1191122B-B879-4744-A8F4-F9F7FA0DA44B}.Release|Any CPU.Build.0 = Release|Any CPU
		{C238871D-0875-4312-987E-17B6015C521A}.Debug|Any CPU.ActiveCfg = Debug|Any CPU
		{C238871D-0875-4312-987E-17B6015C521A}.Debug|Any CPU.Build.0 = Debug|Any CPU
		{C238871D-0875-4312-987E-17B6015C521A}.Release|Any CPU.ActiveCfg = Release|Any CPU
		{C238871D-0875-4312-987E-17B6015C521A}.Release|Any CPU.Build.0 = Release|Any CPU
	EndGlobalSection
	GlobalSection(SolutionProperties) = preSolution
		HideSolutionNode = FALSE
	EndGlobalSection
	GlobalSection(ExtensibilityGlobals) = postSolution
		SolutionGuid = {70A3E067-61D6-4D49-B379-8189A294DC7A}
	EndGlobalSection
EndGlobal
